
Microsoft Visual Studio Solution File, Format Version 12.00
# Visual Studio Version 17
VisualStudioVersion = 17.2.32519.379
MinimumVisualStudioVersion = 10.0.40219.1
Project("{FAE04EC0-301F-11D3-BF4B-00C04F79EFBC}") = "CouponExchangeSystemApi_1", "CouponExchangeSystemApi_1\CouponExchangeSystemApi_1.csproj", "{0283CBB5-6776-4623-9B53-03E3FCBCC10B}"
EndProject
Global
	GlobalSection(SolutionConfigurationPlatforms) = preSolution
		Debug|Any CPU = Debug|Any CPU
		Release|Any CPU = Release|Any CPU
	EndGlobalSection
	GlobalSection(ProjectConfigurationPlatforms) = postSolution
		{0283CBB5-6776-4623-9B53-03E3FCBCC10B}.Debug|Any CPU.ActiveCfg = Debug|Any CPU
		{0283CBB5-6776-4623-9B53-03E3FCBCC10B}.Debug|Any CPU.Build.0 = Debug|Any CPU
		{0283CBB5-6776-4623-9B53-03E3FCBCC10B}.Release|Any CPU.ActiveCfg = Release|Any CPU
		{0283CBB5-6776-4623-9B53-03E3FCBCC10B}.Release|Any CPU.Build.0 = Release|Any CPU
	EndGlobalSection
	GlobalSection(SolutionProperties) = preSolution
		HideSolutionNode = FALSE
	EndGlobalSection
	GlobalSection(ExtensibilityGlobals) = postSolution
		SolutionGuid = {151224E7-D7C0-4540-B34F-A0FF76714E0F}
	EndGlobalSection
EndGlobal
